// !$*UTF8*$!
{
	archiveVersion = 1;
	classes = {
	};
	objectVersion = 50;
	objects = {

/* Begin PBXBuildFile section */
		2294609E23CF4CC700B534D4 /* AppDelegate.swift in Sources */ = {isa = PBXBuildFile; fileRef = 2294609D23CF4CC700B534D4 /* AppDelegate.swift */; };
		229460A023CF4CC700B534D4 /* ContentView.swift in Sources */ = {isa = PBXBuildFile; fileRef = 2294609F23CF4CC700B534D4 /* ContentView.swift */; };
		229460A223CF4CCB00B534D4 /* Assets.xcassets in Resources */ = {isa = PBXBuildFile; fileRef = 229460A123CF4CCB00B534D4 /* Assets.xcassets */; };
		229460A523CF4CCB00B534D4 /* Preview Assets.xcassets in Resources */ = {isa = PBXBuildFile; fileRef = 229460A423CF4CCB00B534D4 /* Preview Assets.xcassets */; };
		229460A823CF4CCB00B534D4 /* Main.storyboard in Resources */ = {isa = PBXBuildFile; fileRef = 229460A623CF4CCB00B534D4 /* Main.storyboard */; };
		229460B423CF4CCB00B534D4 /* PhotoViewerTests.swift in Sources */ = {isa = PBXBuildFile; fileRef = 229460B323CF4CCB00B534D4 /* PhotoViewerTests.swift */; };
		229460BF23CF4CCB00B534D4 /* PhotoViewerUITests.swift in Sources */ = {isa = PBXBuildFile; fileRef = 229460BE23CF4CCB00B534D4 /* PhotoViewerUITests.swift */; };
		22A20F7323D33737006DC1BA /* TreeView.swift in Sources */ = {isa = PBXBuildFile; fileRef = 22A20F7223D33737006DC1BA /* TreeView.swift */; };
		22A20F7623D3460A006DC1BA /* Node.swift in Sources */ = {isa = PBXBuildFile; fileRef = 22A20F7523D3460A006DC1BA /* Node.swift */; };
		22A20F7823D34D0A006DC1BA /* Extensions.swift in Sources */ = {isa = PBXBuildFile; fileRef = 22A20F7723D34D0A006DC1BA /* Extensions.swift */; };
/* End PBXBuildFile section */

/* Begin PBXContainerItemProxy section */
		229460B023CF4CCB00B534D4 /* PBXContainerItemProxy */ = {
			isa = PBXContainerItemProxy;
			containerPortal = 2294609223CF4CC700B534D4 /* Project object */;
			proxyType = 1;
			remoteGlobalIDString = 2294609923CF4CC700B534D4;
			remoteInfo = PhotoViewer;
		};
		229460BB23CF4CCB00B534D4 /* PBXContainerItemProxy */ = {
			isa = PBXContainerItemProxy;
			containerPortal = 2294609223CF4CC700B534D4 /* Project object */;
			proxyType = 1;
			remoteGlobalIDString = 2294609923CF4CC700B534D4;
			remoteInfo = PhotoViewer;
		};
/* End PBXContainerItemProxy section */

/* Begin PBXFileReference section */
		2294609A23CF4CC700B534D4 /* PhotoViewer.app */ = {isa = PBXFileReference; explicitFileType = wrapper.application; includeInIndex = 0; path = PhotoViewer.app; sourceTree = BUILT_PRODUCTS_DIR; };
		2294609D23CF4CC700B534D4 /* AppDelegate.swift */ = {isa = PBXFileReference; lastKnownFileType = sourcecode.swift; path = AppDelegate.swift; sourceTree = "<group>"; };
		2294609F23CF4CC700B534D4 /* ContentView.swift */ = {isa = PBXFileReference; lastKnownFileType = sourcecode.swift; path = ContentView.swift; sourceTree = "<group>"; };
		229460A123CF4CCB00B534D4 /* Assets.xcassets */ = {isa = PBXFileReference; lastKnownFileType = folder.assetcatalog; path = Assets.xcassets; sourceTree = "<group>"; };
		229460A423CF4CCB00B534D4 /* Preview Assets.xcassets */ = {isa = PBXFileReference; lastKnownFileType = folder.assetcatalog; path = "Preview Assets.xcassets"; sourceTree = "<group>"; };
		229460A723CF4CCB00B534D4 /* Base */ = {isa = PBXFileReference; lastKnownFileType = file.storyboard; name = Base; path = Base.lproj/Main.storyboard; sourceTree = "<group>"; };
		229460A923CF4CCB00B534D4 /* Info.plist */ = {isa = PBXFileReference; lastKnownFileType = text.plist.xml; path = Info.plist; sourceTree = "<group>"; };
		229460AA23CF4CCB00B534D4 /* PhotoViewer.entitlements */ = {isa = PBXFileReference; lastKnownFileType = text.plist.entitlements; path = PhotoViewer.entitlements; sourceTree = "<group>"; };
		229460AF23CF4CCB00B534D4 /* PhotoViewerTests.xctest */ = {isa = PBXFileReference; explicitFileType = wrapper.cfbundle; includeInIndex = 0; path = PhotoViewerTests.xctest; sourceTree = BUILT_PRODUCTS_DIR; };
		229460B323CF4CCB00B534D4 /* PhotoViewerTests.swift */ = {isa = PBXFileReference; lastKnownFileType = sourcecode.swift; path = PhotoViewerTests.swift; sourceTree = "<group>"; };
		229460B523CF4CCB00B534D4 /* Info.plist */ = {isa = PBXFileReference; lastKnownFileType = text.plist.xml; path = Info.plist; sourceTree = "<group>"; };
		229460BA23CF4CCB00B534D4 /* PhotoViewerUITests.xctest */ = {isa = PBXFileReference; explicitFileType = wrapper.cfbundle; includeInIndex = 0; path = PhotoViewerUITests.xctest; sourceTree = BUILT_PRODUCTS_DIR; };
		229460BE23CF4CCB00B534D4 /* PhotoViewerUITests.swift */ = {isa = PBXFileReference; lastKnownFileType = sourcecode.swift; path = PhotoViewerUITests.swift; sourceTree = "<group>"; };
		229460C023CF4CCB00B534D4 /* Info.plist */ = {isa = PBXFileReference; lastKnownFileType = text.plist.xml; path = Info.plist; sourceTree = "<group>"; };
		22A20F7223D33737006DC1BA /* TreeView.swift */ = {isa = PBXFileReference; lastKnownFileType = sourcecode.swift; path = TreeView.swift; sourceTree = "<group>"; };
		22A20F7523D3460A006DC1BA /* Node.swift */ = {isa = PBXFileReference; lastKnownFileType = sourcecode.swift; path = Node.swift; sourceTree = "<group>"; };
		22A20F7723D34D0A006DC1BA /* Extensions.swift */ = {isa = PBXFileReference; lastKnownFileType = sourcecode.swift; path = Extensions.swift; sourceTree = "<group>"; };
/* End PBXFileReference section */

/* Begin PBXFrameworksBuildPhase section */
		2294609723CF4CC700B534D4 /* Frameworks */ = {
			isa = PBXFrameworksBuildPhase;
			buildActionMask = 2147483647;
			files = (
			);
			runOnlyForDeploymentPostprocessing = 0;
		};
		229460AC23CF4CCB00B534D4 /* Frameworks */ = {
			isa = PBXFrameworksBuildPhase;
			buildActionMask = 2147483647;
			files = (
			);
			runOnlyForDeploymentPostprocessing = 0;
		};
		229460B723CF4CCB00B534D4 /* Frameworks */ = {
			isa = PBXFrameworksBuildPhase;
			buildActionMask = 2147483647;
			files = (
			);
			runOnlyForDeploymentPostprocessing = 0;
		};
/* End PBXFrameworksBuildPhase section */

/* Begin PBXGroup section */
		2294609123CF4CC700B534D4 = {
			isa = PBXGroup;
			children = (
				2294609C23CF4CC700B534D4 /* PhotoViewer */,
				229460B223CF4CCB00B534D4 /* PhotoViewerTests */,
				229460BD23CF4CCB00B534D4 /* PhotoViewerUITests */,
				2294609B23CF4CC700B534D4 /* Products */,
			);
			sourceTree = "<group>";
		};
		2294609B23CF4CC700B534D4 /* Products */ = {
			isa = PBXGroup;
			children = (
				2294609A23CF4CC700B534D4 /* PhotoViewer.app */,
				229460AF23CF4CCB00B534D4 /* PhotoViewerTests.xctest */,
				229460BA23CF4CCB00B534D4 /* PhotoViewerUITests.xctest */,
			);
			name = Products;
			sourceTree = "<group>";
		};
		2294609C23CF4CC700B534D4 /* PhotoViewer */ = {
			isa = PBXGroup;
			children = (
				22A20F7923D353B8006DC1BA /* views */,
				22A20F7423D345CC006DC1BA /* tree */,
				2294609D23CF4CC700B534D4 /* AppDelegate.swift */,
				229460A123CF4CCB00B534D4 /* Assets.xcassets */,
				229460A623CF4CCB00B534D4 /* Main.storyboard */,
				229460A923CF4CCB00B534D4 /* Info.plist */,
				229460AA23CF4CCB00B534D4 /* PhotoViewer.entitlements */,
				229460A323CF4CCB00B534D4 /* Preview Content */,
				22A20F7723D34D0A006DC1BA /* Extensions.swift */,
			);
			path = PhotoViewer;
			sourceTree = "<group>";
		};
		229460A323CF4CCB00B534D4 /* Preview Content */ = {
			isa = PBXGroup;
			children = (
				229460A423CF4CCB00B534D4 /* Preview Assets.xcassets */,
			);
			path = "Preview Content";
			sourceTree = "<group>";
		};
		229460B223CF4CCB00B534D4 /* PhotoViewerTests */ = {
			isa = PBXGroup;
			children = (
				229460B323CF4CCB00B534D4 /* PhotoViewerTests.swift */,
				229460B523CF4CCB00B534D4 /* Info.plist */,
			);
			path = PhotoViewerTests;
			sourceTree = "<group>";
		};
		229460BD23CF4CCB00B534D4 /* PhotoViewerUITests */ = {
			isa = PBXGroup;
			children = (
				229460BE23CF4CCB00B534D4 /* PhotoViewerUITests.swift */,
				229460C023CF4CCB00B534D4 /* Info.plist */,
			);
			path = PhotoViewerUITests;
			sourceTree = "<group>";
		};
		22A20F7423D345CC006DC1BA /* tree */ = {
			isa = PBXGroup;
			children = (
				22A20F7523D3460A006DC1BA /* Node.swift */,
			);
			path = tree;
			sourceTree = "<group>";
		};
		22A20F7923D353B8006DC1BA /* views */ = {
			isa = PBXGroup;
			children = (
				2294609F23CF4CC700B534D4 /* ContentView.swift */,
				22A20F7223D33737006DC1BA /* TreeView.swift */,
			);
			path = views;
			sourceTree = "<group>";
		};
/* End PBXGroup section */

/* Begin PBXNativeTarget section */
		2294609923CF4CC700B534D4 /* PhotoViewer */ = {
			isa = PBXNativeTarget;
			buildConfigurationList = 229460C323CF4CCB00B534D4 /* Build configuration list for PBXNativeTarget "PhotoViewer" */;
			buildPhases = (
				2294609623CF4CC700B534D4 /* Sources */,
				2294609723CF4CC700B534D4 /* Frameworks */,
				2294609823CF4CC700B534D4 /* Resources */,
			);
			buildRules = (
			);
			dependencies = (
			);
			name = PhotoViewer;
			productName = PhotoViewer;
			productReference = 2294609A23CF4CC700B534D4 /* PhotoViewer.app */;
			productType = "com.apple.product-type.application";
		};
		229460AE23CF4CCB00B534D4 /* PhotoViewerTests */ = {
			isa = PBXNativeTarget;
			buildConfigurationList = 229460C623CF4CCB00B534D4 /* Build configuration list for PBXNativeTarget "PhotoViewerTests" */;
			buildPhases = (
				229460AB23CF4CCB00B534D4 /* Sources */,
				229460AC23CF4CCB00B534D4 /* Frameworks */,
				229460AD23CF4CCB00B534D4 /* Resources */,
			);
			buildRules = (
			);
			dependencies = (
				229460B123CF4CCB00B534D4 /* PBXTargetDependency */,
			);
			name = PhotoViewerTests;
			productName = PhotoViewerTests;
			productReference = 229460AF23CF4CCB00B534D4 /* PhotoViewerTests.xctest */;
			productType = "com.apple.product-type.bundle.unit-test";
		};
		229460B923CF4CCB00B534D4 /* PhotoViewerUITests */ = {
			isa = PBXNativeTarget;
			buildConfigurationList = 229460C923CF4CCB00B534D4 /* Build configuration list for PBXNativeTarget "PhotoViewerUITests" */;
			buildPhases = (
				229460B623CF4CCB00B534D4 /* Sources */,
				229460B723CF4CCB00B534D4 /* Frameworks */,
				229460B823CF4CCB00B534D4 /* Resources */,
			);
			buildRules = (
			);
			dependencies = (
				229460BC23CF4CCB00B534D4 /* PBXTargetDependency */,
			);
			name = PhotoViewerUITests;
			productName = PhotoViewerUITests;
			productReference = 229460BA23CF4CCB00B534D4 /* PhotoViewerUITests.xctest */;
			productType = "com.apple.product-type.bundle.ui-testing";
		};
/* End PBXNativeTarget section */

/* Begin PBXProject section */
		2294609223CF4CC700B534D4 /* Project object */ = {
			isa = PBXProject;
			attributes = {
				LastSwiftUpdateCheck = 1130;
				LastUpgradeCheck = 1130;
				ORGANIZATIONNAME = "SEHUN KIM";
				TargetAttributes = {
					2294609923CF4CC700B534D4 = {
						CreatedOnToolsVersion = 11.3;
					};
					229460AE23CF4CCB00B534D4 = {
						CreatedOnToolsVersion = 11.3;
						TestTargetID = 2294609923CF4CC700B534D4;
					};
					229460B923CF4CCB00B534D4 = {
						CreatedOnToolsVersion = 11.3;
						TestTargetID = 2294609923CF4CC700B534D4;
					};
				};
			};
			buildConfigurationList = 2294609523CF4CC700B534D4 /* Build configuration list for PBXProject "PhotoViewer" */;
			compatibilityVersion = "Xcode 9.3";
			developmentRegion = en;
			hasScannedForEncodings = 0;
			knownRegions = (
				en,
				Base,
			);
			mainGroup = 2294609123CF4CC700B534D4;
			productRefGroup = 2294609B23CF4CC700B534D4 /* Products */;
			projectDirPath = "";
			projectRoot = "";
			targets = (
				2294609923CF4CC700B534D4 /* PhotoViewer */,
				229460AE23CF4CCB00B534D4 /* PhotoViewerTests */,
				229460B923CF4CCB00B534D4 /* PhotoViewerUITests */,
			);
		};
/* End PBXProject section */

/* Begin PBXResourcesBuildPhase section */
		2294609823CF4CC700B534D4 /* Resources */ = {
			isa = PBXResourcesBuildPhase;
			buildActionMask = 2147483647;
			files = (
				229460A823CF4CCB00B534D4 /* Main.storyboard in Resources */,
				229460A523CF4CCB00B534D4 /* Preview Assets.xcassets in Resources */,
				229460A223CF4CCB00B534D4 /* Assets.xcassets in Resources */,
			);
			runOnlyForDeploymentPostprocessing = 0;
		};
		229460AD23CF4CCB00B534D4 /* Resources */ = {
			isa = PBXResourcesBuildPhase;
			buildActionMask = 2147483647;
			files = (
			);
			runOnlyForDeploymentPostprocessing = 0;
		};
		229460B823CF4CCB00B534D4 /* Resources */ = {
			isa = PBXResourcesBuildPhase;
			buildActionMask = 2147483647;
			files = (
			);
			runOnlyForDeploymentPostprocessing = 0;
		};
/* End PBXResourcesBuildPhase section */

/* Begin PBXSourcesBuildPhase section */
		2294609623CF4CC700B534D4 /* Sources */ = {
			isa = PBXSourcesBuildPhase;
			buildActionMask = 2147483647;
			files = (
				22A20F7823D34D0A006DC1BA /* Extensions.swift in Sources */,
				22A20F7323D33737006DC1BA /* TreeView.swift in Sources */,
				229460A023CF4CC700B534D4 /* ContentView.swift in Sources */,
				2294609E23CF4CC700B534D4 /* AppDelegate.swift in Sources */,
				22A20F7623D3460A006DC1BA /* Node.swift in Sources */,
			);
			runOnlyForDeploymentPostprocessing = 0;
		};
		229460AB23CF4CCB00B534D4 /* Sources */ = {
			isa = PBXSourcesBuildPhase;
			buildActionMask = 2147483647;
			files = (
				229460B423CF4CCB00B534D4 /* PhotoViewerTests.swift in Sources */,
			);
			runOnlyForDeploymentPostprocessing = 0;
		};
		229460B623CF4CCB00B534D4 /* Sources */ = {
			isa = PBXSourcesBuildPhase;
			buildActionMask = 2147483647;
			files = (
				229460BF23CF4CCB00B534D4 /* PhotoViewerUITests.swift in Sources */,
			);
			runOnlyForDeploymentPostprocessing = 0;
		};
/* End PBXSourcesBuildPhase section */

/* Begin PBXTargetDependency section */
		229460B123CF4CCB00B534D4 /* PBXTargetDependency */ = {
			isa = PBXTargetDependency;
			target = 2294609923CF4CC700B534D4 /* PhotoViewer */;
			targetProxy = 229460B023CF4CCB00B534D4 /* PBXContainerItemProxy */;
		};
		229460BC23CF4CCB00B534D4 /* PBXTargetDependency */ = {
			isa = PBXTargetDependency;
			target = 2294609923CF4CC700B534D4 /* PhotoViewer */;
			targetProxy = 229460BB23CF4CCB00B534D4 /* PBXContainerItemProxy */;
		};
/* End PBXTargetDependency section */

/* Begin PBXVariantGroup section */
		229460A623CF4CCB00B534D4 /* Main.storyboard */ = {
			isa = PBXVariantGroup;
			children = (
				229460A723CF4CCB00B534D4 /* Base */,
			);
			name = Main.storyboard;
			sourceTree = "<group>";
		};
/* End PBXVariantGroup section */

/* Begin XCBuildConfiguration section */
		229460C123CF4CCB00B534D4 /* Debug */ = {
			isa = XCBuildConfiguration;
			buildSettings = {
				ALWAYS_SEARCH_USER_PATHS = NO;
				CLANG_ANALYZER_NONNULL = YES;
				CLANG_ANALYZER_NUMBER_OBJECT_CONVERSION = YES_AGGRESSIVE;
				CLANG_CXX_LANGUAGE_STANDARD = "gnu++14";
				CLANG_CXX_LIBRARY = "libc++";
				CLANG_ENABLE_MODULES = YES;
				CLANG_ENABLE_OBJC_ARC = YES;
				CLANG_ENABLE_OBJC_WEAK = YES;
				CLANG_WARN_BLOCK_CAPTURE_AUTORELEASING = YES;
				CLANG_WARN_BOOL_CONVERSION = YES;
				CLANG_WARN_COMMA = YES;
				CLANG_WARN_CONSTANT_CONVERSION = YES;
				CLANG_WARN_DEPRECATED_OBJC_IMPLEMENTATIONS = YES;
				CLANG_WARN_DIRECT_OBJC_ISA_USAGE = YES_ERROR;
				CLANG_WARN_DOCUMENTATION_COMMENTS = YES;
				CLANG_WARN_EMPTY_BODY = YES;
				CLANG_WARN_ENUM_CONVERSION = YES;
				CLANG_WARN_INFINITE_RECURSION = YES;
				CLANG_WARN_INT_CONVERSION = YES;
				CLANG_WARN_NON_LITERAL_NULL_CONVERSION = YES;
				CLANG_WARN_OBJC_IMPLICIT_RETAIN_SELF = YES;
				CLANG_WARN_OBJC_LITERAL_CONVERSION = YES;
				CLANG_WARN_OBJC_ROOT_CLASS = YES_ERROR;
				CLANG_WARN_RANGE_LOOP_ANALYSIS = YES;
				CLANG_WARN_STRICT_PROTOTYPES = YES;
				CLANG_WARN_SUSPICIOUS_MOVE = YES;
				CLANG_WARN_UNGUARDED_AVAILABILITY = YES_AGGRESSIVE;
				CLANG_WARN_UNREACHABLE_CODE = YES;
				CLANG_WARN__DUPLICATE_METHOD_MATCH = YES;
				COPY_PHASE_STRIP = NO;
				DEBUG_INFORMATION_FORMAT = dwarf;
				ENABLE_STRICT_OBJC_MSGSEND = YES;
				ENABLE_TESTABILITY = YES;
				GCC_C_LANGUAGE_STANDARD = gnu11;
				GCC_DYNAMIC_NO_PIC = NO;
				GCC_NO_COMMON_BLOCKS = YES;
				GCC_OPTIMIZATION_LEVEL = 0;
				GCC_PREPROCESSOR_DEFINITIONS = (
					"DEBUG=1",
					"$(inherited)",
				);
				GCC_WARN_64_TO_32_BIT_CONVERSION = YES;
				GCC_WARN_ABOUT_RETURN_TYPE = YES_ERROR;
				GCC_WARN_UNDECLARED_SELECTOR = YES;
				GCC_WARN_UNINITIALIZED_AUTOS = YES_AGGRESSIVE;
				GCC_WARN_UNUSED_FUNCTION = YES;
				GCC_WARN_UNUSED_VARIABLE = YES;
				MACOSX_DEPLOYMENT_TARGET = 10.15;
				MTL_ENABLE_DEBUG_INFO = INCLUDE_SOURCE;
				MTL_FAST_MATH = YES;
				ONLY_ACTIVE_ARCH = YES;
				SDKROOT = macosx;
				SWIFT_ACTIVE_COMPILATION_CONDITIONS = DEBUG;
				SWIFT_OPTIMIZATION_LEVEL = "-Onone";
			};
			name = Debug;
		};
		229460C223CF4CCB00B534D4 /* Release */ = {
			isa = XCBuildConfiguration;
			buildSettings = {
				ALWAYS_SEARCH_USER_PATHS = NO;
				CLANG_ANALYZER_NONNULL = YES;
				CLANG_ANALYZER_NUMBER_OBJECT_CONVERSION = YES_AGGRESSIVE;
				CLANG_CXX_LANGUAGE_STANDARD = "gnu++14";
				CLANG_CXX_LIBRARY = "libc++";
				CLANG_ENABLE_MODULES = YES;
				CLANG_ENABLE_OBJC_ARC = YES;
				CLANG_ENABLE_OBJC_WEAK = YES;
				CLANG_WARN_BLOCK_CAPTURE_AUTORELEASING = YES;
				CLANG_WARN_BOOL_CONVERSION = YES;
				CLANG_WARN_COMMA = YES;
				CLANG_WARN_CONSTANT_CONVERSION = YES;
				CLANG_WARN_DEPRECATED_OBJC_IMPLEMENTATIONS = YES;
				CLANG_WARN_DIRECT_OBJC_ISA_USAGE = YES_ERROR;
				CLANG_WARN_DOCUMENTATION_COMMENTS = YES;
				CLANG_WARN_EMPTY_BODY = YES;
				CLANG_WARN_ENUM_CONVERSION = YES;
				CLANG_WARN_INFINITE_RECURSION = YES;
				CLANG_WARN_INT_CONVERSION = YES;
				CLANG_WARN_NON_LITERAL_NULL_CONVERSION = YES;
				CLANG_WARN_OBJC_IMPLICIT_RETAIN_SELF = YES;
				CLANG_WARN_OBJC_LITERAL_CONVERSION = YES;
				CLANG_WARN_OBJC_ROOT_CLASS = YES_ERROR;
				CLANG_WARN_RANGE_LOOP_ANALYSIS = YES;
				CLANG_WARN_STRICT_PROTOTYPES = YES;
				CLANG_WARN_SUSPICIOUS_MOVE = YES;
				CLANG_WARN_UNGUARDED_AVAILABILITY = YES_AGGRESSIVE;
				CLANG_WARN_UNREACHABLE_CODE = YES;
				CLANG_WARN__DUPLICATE_METHOD_MATCH = YES;
				COPY_PHASE_STRIP = NO;
				DEBUG_INFORMATION_FORMAT = "dwarf-with-dsym";
				ENABLE_NS_ASSERTIONS = NO;
				ENABLE_STRICT_OBJC_MSGSEND = YES;
				GCC_C_LANGUAGE_STANDARD = gnu11;
				GCC_NO_COMMON_BLOCKS = YES;
				GCC_WARN_64_TO_32_BIT_CONVERSION = YES;
				GCC_WARN_ABOUT_RETURN_TYPE = YES_ERROR;
				GCC_WARN_UNDECLARED_SELECTOR = YES;
				GCC_WARN_UNINITIALIZED_AUTOS = YES_AGGRESSIVE;
				GCC_WARN_UNUSED_FUNCTION = YES;
				GCC_WARN_UNUSED_VARIABLE = YES;
				MACOSX_DEPLOYMENT_TARGET = 10.15;
				MTL_ENABLE_DEBUG_INFO = NO;
				MTL_FAST_MATH = YES;
				SDKROOT = macosx;
				SWIFT_COMPILATION_MODE = wholemodule;
				SWIFT_OPTIMIZATION_LEVEL = "-O";
			};
			name = Release;
		};
		229460C423CF4CCB00B534D4 /* Debug */ = {
			isa = XCBuildConfiguration;
			buildSettings = {
				ASSETCATALOG_COMPILER_APPICON_NAME = AppIcon;
				CODE_SIGN_ENTITLEMENTS = PhotoViewer/PhotoViewer.entitlements;
				CODE_SIGN_STYLE = Automatic;
				COMBINE_HIDPI_IMAGES = YES;
				DEVELOPMENT_ASSET_PATHS = "\"PhotoViewer/Preview Content\"";
				DEVELOPMENT_TEAM = 98RDA4ZPH9;
				ENABLE_HARDENED_RUNTIME = YES;
				ENABLE_PREVIEWS = YES;
				INFOPLIST_FILE = PhotoViewer/Info.plist;
				LD_RUNPATH_SEARCH_PATHS = (
					"$(inherited)",
					"@executable_path/../Frameworks",
				);
				MACOSX_DEPLOYMENT_TARGET = 10.15;
				PRODUCT_BUNDLE_IDENTIFIER = com.lemoment.PhotoViewer;
				PRODUCT_NAME = "$(TARGET_NAME)";
				SWIFT_VERSION = 5.0;
			};
			name = Debug;
		};
		229460C523CF4CCB00B534D4 /* Release */ = {
			isa = XCBuildConfiguration;
			buildSettings = {
				ASSETCATALOG_COMPILER_APPICON_NAME = AppIcon;
				CODE_SIGN_ENTITLEMENTS = PhotoViewer/PhotoViewer.entitlements;
				CODE_SIGN_STYLE = Automatic;
				COMBINE_HIDPI_IMAGES = YES;
				DEVELOPMENT_ASSET_PATHS = "\"PhotoViewer/Preview Content\"";
				DEVELOPMENT_TEAM = 98RDA4ZPH9;
				ENABLE_HARDENED_RUNTIME = YES;
				ENABLE_PREVIEWS = YES;
				INFOPLIST_FILE = PhotoViewer/Info.plist;
				LD_RUNPATH_SEARCH_PATHS = (
					"$(inherited)",
					"@executable_path/../Frameworks",
				);
				MACOSX_DEPLOYMENT_TARGET = 10.15;
				PRODUCT_BUNDLE_IDENTIFIER = com.lemoment.PhotoViewer;
				PRODUCT_NAME = "$(TARGET_NAME)";
				SWIFT_VERSION = 5.0;
			};
			name = Release;
		};
		229460C723CF4CCB00B534D4 /* Debug */ = {
			isa = XCBuildConfiguration;
			buildSettings = {
				ALWAYS_EMBED_SWIFT_STANDARD_LIBRARIES = YES;
				BUNDLE_LOADER = "$(TEST_HOST)";
				CODE_SIGN_STYLE = Automatic;
				COMBINE_HIDPI_IMAGES = YES;
				DEVELOPMENT_TEAM = 98RDA4ZPH9;
				INFOPLIST_FILE = PhotoViewerTests/Info.plist;
				LD_RUNPATH_SEARCH_PATHS = (
					"$(inherited)",
					"@executable_path/../Frameworks",
					"@loader_path/../Frameworks",
				);
				MACOSX_DEPLOYMENT_TARGET = 10.15;
				PRODUCT_BUNDLE_IDENTIFIER = com.lemoment.PhotoViewerTests;
				PRODUCT_NAME = "$(TARGET_NAME)";
				SWIFT_VERSION = 5.0;
				TEST_HOST = "$(BUILT_PRODUCTS_DIR)/PhotoViewer.app/Contents/MacOS/PhotoViewer";
			};
			name = Debug;
		};
		229460C823CF4CCB00B534D4 /* Release */ = {
			isa = XCBuildConfiguration;
			buildSettings = {
				ALWAYS_EMBED_SWIFT_STANDARD_LIBRARIES = YES;
				BUNDLE_LOADER = "$(TEST_HOST)";
				CODE_SIGN_STYLE = Automatic;
				COMBINE_HIDPI_IMAGES = YES;
				DEVELOPMENT_TEAM = 98RDA4ZPH9;
				INFOPLIST_FILE = PhotoViewerTests/Info.plist;
				LD_RUNPATH_SEARCH_PATHS = (
					"$(inherited)",
					"@executable_path/../Frameworks",
					"@loader_path/../Frameworks",
				);
				MACOSX_DEPLOYMENT_TARGET = 10.15;
				PRODUCT_BUNDLE_IDENTIFIER = com.lemoment.PhotoViewerTests;
				PRODUCT_NAME = "$(TARGET_NAME)";
				SWIFT_VERSION = 5.0;
				TEST_HOST = "$(BUILT_PRODUCTS_DIR)/PhotoViewer.app/Contents/MacOS/PhotoViewer";
			};
			name = Release;
		};
		229460CA23CF4CCB00B534D4 /* Debug */ = {
			isa = XCBuildConfiguration;
			buildSettings = {
				ALWAYS_EMBED_SWIFT_STANDARD_LIBRARIES = YES;
				CODE_SIGN_STYLE = Automatic;
				COMBINE_HIDPI_IMAGES = YES;
				DEVELOPMENT_TEAM = 98RDA4ZPH9;
				INFOPLIST_FILE = PhotoViewerUITests/Info.plist;
				LD_RUNPATH_SEARCH_PATHS = (
					"$(inherited)",
					"@executable_path/../Frameworks",
					"@loader_path/../Frameworks",
				);
				PRODUCT_BUNDLE_IDENTIFIER = com.lemoment.PhotoViewerUITests;
				PRODUCT_NAME = "$(TARGET_NAME)";
				SWIFT_VERSION = 5.0;
				TEST_TARGET_NAME = PhotoViewer;
			};
			name = Debug;
		};
		229460CB23CF4CCB00B534D4 /* Release */ = {
			isa = XCBuildConfiguration;
			buildSettings = {
				ALWAYS_EMBED_SWIFT_STANDARD_LIBRARIES = YES;
				CODE_SIGN_STYLE = Automatic;
				COMBINE_HIDPI_IMAGES = YES;
				DEVELOPMENT_TEAM = 98RDA4ZPH9;
				INFOPLIST_FILE = PhotoViewerUITests/Info.plist;
				LD_RUNPATH_SEARCH_PATHS = (
					"$(inherited)",
					"@executable_path/../Frameworks",
					"@loader_path/../Frameworks",
				);
				PRODUCT_BUNDLE_IDENTIFIER = com.lemoment.PhotoViewerUITests;
				PRODUCT_NAME = "$(TARGET_NAME)";
				SWIFT_VERSION = 5.0;
				TEST_TARGET_NAME = PhotoViewer;
			};
			name = Release;
		};
/* End XCBuildConfiguration section */

/* Begin XCConfigurationList section */
		2294609523CF4CC700B534D4 /* Build configuration list for PBXProject "PhotoViewer" */ = {
			isa = XCConfigurationList;
			buildConfigurations = (
				229460C123CF4CCB00B534D4 /* Debug */,
				229460C223CF4CCB00B534D4 /* Release */,
			);
			defaultConfigurationIsVisible = 0;
			defaultConfigurationName = Release;
		};
		229460C323CF4CCB00B534D4 /* Build configuration list for PBXNativeTarget "PhotoViewer" */ = {
			isa = XCConfigurationList;
			buildConfigurations = (
				229460C423CF4CCB00B534D4 /* Debug */,
				229460C523CF4CCB00B534D4 /* Release */,
			);
			defaultConfigurationIsVisible = 0;
			defaultConfigurationName = Release;
		};
		229460C623CF4CCB00B534D4 /* Build configuration list for PBXNativeTarget "PhotoViewerTests" */ = {
			isa = XCConfigurationList;
			buildConfigurations = (
				229460C723CF4CCB00B534D4 /* Debug */,
				229460C823CF4CCB00B534D4 /* Release */,
			);
			defaultConfigurationIsVisible = 0;
			defaultConfigurationName = Release;
		};
		229460C923CF4CCB00B534D4 /* Build configuration list for PBXNativeTarget "PhotoViewerUITests" */ = {
			isa = XCConfigurationList;
			buildConfigurations = (
				229460CA23CF4CCB00B534D4 /* Debug */,
				229460CB23CF4CCB00B534D4 /* Release */,
			);
			defaultConfigurationIsVisible = 0;
			defaultConfigurationName = Release;
		};
/* End XCConfigurationList section */
	};
	rootObject = 2294609223CF4CC700B534D4 /* Project object */;
}
